Microsoft Visual Studio Solution File, Format Version 12.00
# Visual Studio Version 17
VisualStudioVersion = 17.8.34112.27
MinimumVisualStudioVersion = 10.0.40219.1
Project("{FAE04EC0-301F-11D3-BF4B-00C04F79EFBC}") = "BookshelfReader", "BookshelfReader/BookshelfReader.csproj", "{2C6E1E0A-8B4C-4F2D-9A1E-6D7C3B5A9F10}"
EndProject
Project("{FAE04EC0-301F-11D3-BF4B-00C04F79EFBC}") = "BookshelfReader.Tests", "BookshelfReader.Tests/BookshelfReader.Tests.csproj", "{E2714334-F645-4038-9EE7-81CFD0B1FE8D}"
EndProject
Project("{FAE04EC0-301F-11D3-BF4B-00C04F79EFBC}") = "BookshelfReader.Host", "BookshelfReader.Host/BookshelfReader.Host.csproj", "{771BCD31-4EB0-419D-8DA5-050CAF8567D5}"
EndProject
Global
    GlobalSection(SolutionConfigurationPlatforms) = preSolution
        Debug|Any CPU = Debug|Any CPU
        Release|Any CPU = Release|Any CPU
    EndGlobalSection
    GlobalSection(ProjectConfigurationPlatforms) = postSolution
        {2C6E1E0A-8B4C-4F2D-9A1E-6D7C3B5A9F10}.Debug|Any CPU.ActiveCfg = Debug|Any CPU
        {2C6E1E0A-8B4C-4F2D-9A1E-6D7C3B5A9F10}.Debug|Any CPU.Build.0 = Debug|Any CPU
        {2C6E1E0A-8B4C-4F2D-9A1E-6D7C3B5A9F10}.Release|Any CPU.ActiveCfg = Release|Any CPU
        {2C6E1E0A-8B4C-4F2D-9A1E-6D7C3B5A9F10}.Release|Any CPU.Build.0 = Release|Any CPU
        {E2714334-F645-4038-9EE7-81CFD0B1FE8D}.Debug|Any CPU.ActiveCfg = Debug|Any CPU
        {E2714334-F645-4038-9EE7-81CFD0B1FE8D}.Debug|Any CPU.Build.0 = Debug|Any CPU
        {E2714334-F645-4038-9EE7-81CFD0B1FE8D}.Release|Any CPU.ActiveCfg = Release|Any CPU
        {E2714334-F645-4038-9EE7-81CFD0B1FE8D}.Release|Any CPU.Build.0 = Release|Any CPU
        {771BCD31-4EB0-419D-8DA5-050CAF8567D5}.Debug|Any CPU.ActiveCfg = Debug|Any CPU
        {771BCD31-4EB0-419D-8DA5-050CAF8567D5}.Debug|Any CPU.Build.0 = Debug|Any CPU
        {771BCD31-4EB0-419D-8DA5-050CAF8567D5}.Release|Any CPU.ActiveCfg = Release|Any CPU
        {771BCD31-4EB0-419D-8DA5-050CAF8567D5}.Release|Any CPU.Build.0 = Release|Any CPU
    EndGlobalSection
    GlobalSection(SolutionProperties) = preSolution
        HideSolutionNode = FALSE
    EndGlobalSection
EndGlobal
